# THIS IS AN AUTOGENERATED FILE. DO NOT EDIT THIS FILE DIRECTLY.
# yarn lockfile v1


"@noble/curves@^1.2.0":
  version "1.3.0"
  resolved "https://registry.yarnpkg.com/@noble/curves/-/curves-1.3.0.tgz#01be46da4fd195822dab821e72f71bf4aeec635e"
  integrity sha512-t01iSXPuN+Eqzb4eBX0S5oubSqXbK/xXa1Ne18Hj8f9pStxztHCE2gfboSp/dZRLSqfuLpRK2nDXDK+W9puocA==
  dependencies:
    "@noble/hashes" "1.3.3"

"@noble/hashes@1.3.3", "@noble/hashes@^1.3.2":
  version "1.3.3"
  resolved "https://registry.yarnpkg.com/@noble/hashes/-/hashes-1.3.3.tgz#39908da56a4adc270147bb07968bf3b16cfe1699"
  integrity sha512-V7/fPHgl+jsVPXqqeOzT8egNj2iBIVt+ECeMMG8TdcnTikP3oaBtUVqpT/gYCR68aEBJSF+XbYUxStjbFMqIIA==

"@open-web3/parachain-launch@^2.0.0":
  version "2.0.0"
  resolved "https://registry.yarnpkg.com/@open-web3/parachain-launch/-/parachain-launch-2.0.0.tgz#cc4fc91e9bb165ee24a5afc98f9e90650e3727e3"
  integrity sha512-Blerkp6dFTGoddlOeRysEh4CH4ClVEJ7SQh5nSNytwVd8AhrqNAnWlMmnqjZ5FHK2djXMAi4wowEychnetuA7Q==
  dependencies:
    "@polkadot/api" "^10.9.1"
    "@polkadot/keyring" "^12.4.2"
    "@polkadot/util" "^12.4.2"
    "@polkadot/util-crypto" "^12.4.2"
    lodash "^4.17.21"
    readline-sync "^1.4.10"
    shelljs "^0.8.5"
    yaml "^2.3.2"
    yargs "^17.7.2"

"@polkadot/api-augment@10.11.1":
  version "10.11.1"
  resolved "https://registry.yarnpkg.com/@polkadot/api-augment/-/api-augment-10.11.1.tgz#63a5ccc3b33c18fa71263d5e58e0a4c6041a8504"
  integrity sha512-9Sk7fi6wzvxAoxvGJPcMt0hU4WzuIAlBy4Rng6WPiS6Ed0HJLr1dkZaqFFmV5my2pb3tu//1JGYkt+MUVB0Kqw==
  dependencies:
    "@polkadot/api-base" "10.11.1"
    "@polkadot/rpc-augment" "10.11.1"
    "@polkadot/types" "10.11.1"
    "@polkadot/types-augment" "10.11.1"
    "@polkadot/types-codec" "10.11.1"
    "@polkadot/util" "^12.6.1"
    tslib "^2.6.2"

"@polkadot/api-base@10.11.1":
  version "10.11.1"
  resolved "https://registry.yarnpkg.com/@polkadot/api-base/-/api-base-10.11.1.tgz#843fec74989b466278c42516a86fba65778b69bf"
  integrity sha512-A645Hj9bGtq0EOEWcwTaGoD40vp8/ih1suwinl5il8Psg+bdDmzodnVH5Jhuwe1dNKOuXuvxZvOmbYUPWyIqyg==
  dependencies:
    "@polkadot/rpc-core" "10.11.1"
    "@polkadot/types" "10.11.1"
    "@polkadot/util" "^12.6.1"
    rxjs "^7.8.1"
    tslib "^2.6.2"

"@polkadot/api-derive@10.11.1":
  version "10.11.1"
  resolved "https://registry.yarnpkg.com/@polkadot/api-derive/-/api-derive-10.11.1.tgz#528f90e33577258997cb998c0b597ba54bc9c683"
  integrity sha512-i48okJr0l1IrFTPa9KVkoJnDL2EHKExR6XC0Z7I9+kW9noxYWqo0tIoi5s1bNVD475xWK/rUjT7qHxiDbPaCUQ==
  dependencies:
    "@polkadot/api" "10.11.1"
    "@polkadot/api-augment" "10.11.1"
    "@polkadot/api-base" "10.11.1"
    "@polkadot/rpc-core" "10.11.1"
    "@polkadot/types" "10.11.1"
    "@polkadot/types-codec" "10.11.1"
    "@polkadot/util" "^12.6.1"
    "@polkadot/util-crypto" "^12.6.1"
    rxjs "^7.8.1"
    tslib "^2.6.2"

"@polkadot/api@10.11.1", "@polkadot/api@^10.9.1":
  version "10.11.1"
  resolved "https://registry.yarnpkg.com/@polkadot/api/-/api-10.11.1.tgz#3667ae1cf2f9c1955e138438c313efdba081314d"
  integrity sha512-WEgUYvY90AHX9drmsvWQ4DDuqlE7h4x3f28K5eOoJF4dQ5AkWsFogxwJ4TH57POWLfyi8AIn6/f1vsqPtReDhA==
  dependencies:
    "@polkadot/api-augment" "10.11.1"
    "@polkadot/api-base" "10.11.1"
    "@polkadot/api-derive" "10.11.1"
    "@polkadot/keyring" "^12.6.1"
    "@polkadot/rpc-augment" "10.11.1"
    "@polkadot/rpc-core" "10.11.1"
    "@polkadot/rpc-provider" "10.11.1"
    "@polkadot/types" "10.11.1"
    "@polkadot/types-augment" "10.11.1"
    "@polkadot/types-codec" "10.11.1"
    "@polkadot/types-create" "10.11.1"
    "@polkadot/types-known" "10.11.1"
    "@polkadot/util" "^12.6.1"
    "@polkadot/util-crypto" "^12.6.1"
    eventemitter3 "^5.0.1"
    rxjs "^7.8.1"
    tslib "^2.6.2"

"@polkadot/keyring@^12.4.2", "@polkadot/keyring@^12.6.1":
  version "12.6.1"
  resolved "https://registry.yarnpkg.com/@polkadot/keyring/-/keyring-12.6.1.tgz#0984dd625edd582750d8975f1898a4acb14bda8b"
  integrity sha512-cicTctZr5Jy5vgNT2FsNiKoTZnz6zQkgDoIYv79NI+p1Fhwc9C+DN/iMCnk3Cm9vR2gSAd2fSV+Y5iKVDhAmUw==
  dependencies:
    "@polkadot/util" "12.6.1"
    "@polkadot/util-crypto" "12.6.1"
    tslib "^2.6.2"

"@polkadot/networks@12.6.1", "@polkadot/networks@^12.6.1":
  version "12.6.1"
  resolved "https://registry.yarnpkg.com/@polkadot/networks/-/networks-12.6.1.tgz#eb0b1fb9e04fbaba066d44df4ff18b0567ca5fcc"
  integrity sha512-pzyirxTYAnsx+6kyLYcUk26e4TLz3cX6p2KhTgAVW77YnpGX5VTKTbYykyXC8fXFd/migeQsLaa2raFN47mwoA==
  dependencies:
    "@polkadot/util" "12.6.1"
    "@substrate/ss58-registry" "^1.44.0"
    tslib "^2.6.2"

"@polkadot/rpc-augment@10.11.1":
  version "10.11.1"
  resolved "https://registry.yarnpkg.com/@polkadot/rpc-augment/-/rpc-augment-10.11.1.tgz#f100165e60777a58583ea97cb672692a31a185f2"
  integrity sha512-wrtxHnEwqS3b1GuZ3sA1pzLuUjjLnW4FPawOklONRcIuKbGmFuvu7QvEIHmxBV1FAS/fs8gbvp8ImKWUPnT93Q==
  dependencies:
    "@polkadot/rpc-core" "10.11.1"
    "@polkadot/types" "10.11.1"
    "@polkadot/types-codec" "10.11.1"
    "@polkadot/util" "^12.6.1"
    tslib "^2.6.2"

"@polkadot/rpc-core@10.11.1":
  version "10.11.1"
  resolved "https://registry.yarnpkg.com/@polkadot/rpc-core/-/rpc-core-10.11.1.tgz#557958e57514d93fd3270a99910bf0d9f066df82"
  integrity sha512-3l4l+zL7MDWzQx3WnaieXXUKsbeA1Miu4wsje5trYJEE+hm+nMW8h7fiFKfYzXBi7ty/wMS+S7BfQPTrDkYHxA==
  dependencies:
    "@polkadot/rpc-augment" "10.11.1"
    "@polkadot/rpc-provider" "10.11.1"
    "@polkadot/types" "10.11.1"
    "@polkadot/util" "^12.6.1"
    rxjs "^7.8.1"
    tslib "^2.6.2"

"@polkadot/rpc-provider@10.11.1":
  version "10.11.1"
  resolved "https://registry.yarnpkg.com/@polkadot/rpc-provider/-/rpc-provider-10.11.1.tgz#8d94e96bba71ee8bbce9baf407b411c523fc2f28"
  integrity sha512-86aDUOnaG42si0jSOAgn6Fs3F3rz57x+iNBK1JpM0PLL2XvmPuoMZL5dZwzqSIey3nVdGJqRYfnFquWuyQpnOQ==
  dependencies:
    "@polkadot/keyring" "^12.6.1"
    "@polkadot/types" "10.11.1"
    "@polkadot/types-support" "10.11.1"
    "@polkadot/util" "^12.6.1"
    "@polkadot/util-crypto" "^12.6.1"
    "@polkadot/x-fetch" "^12.6.1"
    "@polkadot/x-global" "^12.6.1"
    "@polkadot/x-ws" "^12.6.1"
    eventemitter3 "^5.0.1"
    mock-socket "^9.3.1"
    nock "^13.3.8"
    tslib "^2.6.2"
  optionalDependencies:
    "@substrate/connect" "0.7.35"

"@polkadot/types-augment@10.11.1":
  version "10.11.1"
  resolved "https://registry.yarnpkg.com/@polkadot/types-augment/-/types-augment-10.11.1.tgz#273762db2e0dd932378860555e0d24672c583c7f"
  integrity sha512-Exd5mMCuSOXXz73iWqy8ocScWTrwAPqHz0Kxpz5OWlAu+5usipMuhjoeaZA803FHQntZh9lHUN31fuc50Exhew==
  dependencies:
    "@polkadot/types" "10.11.1"
    "@polkadot/types-codec" "10.11.1"
    "@polkadot/util" "^12.6.1"
    tslib "^2.6.2"

"@polkadot/types-codec@10.11.1":
  version "10.11.1"
  resolved "https://registry.yarnpkg.com/@polkadot/types-codec/-/types-codec-10.11.1.tgz#063afd17c1648279de2f9add42b23792026a402f"
  integrity sha512-B9Fu2hq3cRpJpGPcgfZ8Qi1OSX9u82J46adlbIG95ktoA+70eZ83VS3Zvtt9ACsdLVGETCJfDjSO25XptjhZKQ==
  dependencies:
    "@polkadot/util" "^12.6.1"
    "@polkadot/x-bigint" "^12.6.1"
    tslib "^2.6.2"

"@polkadot/types-create@10.11.1":
  version "10.11.1"
  resolved "https://registry.yarnpkg.com/@polkadot/types-create/-/types-create-10.11.1.tgz#3f850e9f5e5b4f04da3ea4def5240d9d4e2789d3"
  integrity sha512-oeaI185F3XeWSz9/fe//qZ0KsQyE6C6c13WuOa+5cX/Yuz7cSAXawrhl58HRaU+fueaE/ijEHLcuK1sdM6e1JQ==
  dependencies:
    "@polkadot/types-codec" "10.11.1"
    "@polkadot/util" "^12.6.1"
    tslib "^2.6.2"

"@polkadot/types-known@10.11.1":
  version "10.11.1"
  resolved "https://registry.yarnpkg.com/@polkadot/types-known/-/types-known-10.11.1.tgz#6159b13c81660fd2db1c797e28356aee4691b0c0"
  integrity sha512-BPHI7EbdRaznZR4RVVrQC5epyxL6caJ5dkluZP6rRwx7VmQK0FTGIwgh3UP724mzQhM8rT77MD3h2ftnq1cteg==
  dependencies:
    "@polkadot/networks" "^12.6.1"
    "@polkadot/types" "10.11.1"
    "@polkadot/types-codec" "10.11.1"
    "@polkadot/types-create" "10.11.1"
    "@polkadot/util" "^12.6.1"
    tslib "^2.6.2"

"@polkadot/types-support@10.11.1":
  version "10.11.1"
  resolved "https://registry.yarnpkg.com/@polkadot/types-support/-/types-support-10.11.1.tgz#227c702526f9702a5b6882ecf55bc264f9d3beaf"
  integrity sha512-eCvWjdpELsHvXiTq201DdbIeOIaEr53zTD7HqC2wR/Z1bkQuw79Z+CyIU4sp79GL1vZ1PxS7vUH9M3FKNaTl1Q==
  dependencies:
    "@polkadot/util" "^12.6.1"
    tslib "^2.6.2"

"@polkadot/types@10.11.1":
  version "10.11.1"
  resolved "https://registry.yarnpkg.com/@polkadot/types/-/types-10.11.1.tgz#d2b8c747c103b0a5f725090980d4be10037ddef0"
  integrity sha512-4uKnzW2GZqNA5qRZpTPJ7z+G/ARTvXI89etv9xXXVttUdfTaYZsMf4rMuMThOAE/mAUn70LoH0JKthZLwzVgNQ==
  dependencies:
    "@polkadot/keyring" "^12.6.1"
    "@polkadot/types-augment" "10.11.1"
    "@polkadot/types-codec" "10.11.1"
    "@polkadot/types-create" "10.11.1"
    "@polkadot/util" "^12.6.1"
    "@polkadot/util-crypto" "^12.6.1"
    rxjs "^7.8.1"
    tslib "^2.6.2"

"@polkadot/util-crypto@12.6.1", "@polkadot/util-crypto@^12.4.2", "@polkadot/util-crypto@^12.6.1":
  version "12.6.1"
  resolved "https://registry.yarnpkg.com/@polkadot/util-crypto/-/util-crypto-12.6.1.tgz#f1e354569fb039822db5e57297296e22af575af8"
  integrity sha512-2ezWFLmdgeDXqB9NAUdgpp3s2rQztNrZLY+y0SJYNOG4ch+PyodTW/qSksnOrVGVdRhZ5OESRE9xvo9LYV5UAw==
  dependencies:
    "@noble/curves" "^1.2.0"
    "@noble/hashes" "^1.3.2"
    "@polkadot/networks" "12.6.1"
    "@polkadot/util" "12.6.1"
    "@polkadot/wasm-crypto" "^7.3.1"
    "@polkadot/wasm-util" "^7.3.1"
    "@polkadot/x-bigint" "12.6.1"
    "@polkadot/x-randomvalues" "12.6.1"
    "@scure/base" "^1.1.3"
    tslib "^2.6.2"

"@polkadot/util@12.6.1", "@polkadot/util@^12.4.2", "@polkadot/util@^12.6.1":
  version "12.6.1"
  resolved "https://registry.yarnpkg.com/@polkadot/util/-/util-12.6.1.tgz#477b8e2c601e8aae0662670ed33da46f1b335e5a"
  integrity sha512-10ra3VfXtK8ZSnWI7zjhvRrhupg3rd4iFC3zCaXmRpOU+AmfIoCFVEmuUuC66gyXiz2/g6k5E6j0lWQCOProSQ==
  dependencies:
    "@polkadot/x-bigint" "12.6.1"
    "@polkadot/x-global" "12.6.1"
    "@polkadot/x-textdecoder" "12.6.1"
    "@polkadot/x-textencoder" "12.6.1"
    "@types/bn.js" "^5.1.5"
    bn.js "^5.2.1"
    tslib "^2.6.2"

"@polkadot/wasm-bridge@7.3.2":
  version "7.3.2"
  resolved "https://registry.yarnpkg.com/@polkadot/wasm-bridge/-/wasm-bridge-7.3.2.tgz#e1b01906b19e06cbca3d94f10f5666f2ae0baadc"
  integrity sha512-AJEXChcf/nKXd5Q/YLEV5dXQMle3UNT7jcXYmIffZAo/KI394a+/24PaISyQjoNC0fkzS1Q8T5pnGGHmXiVz2g==
  dependencies:
    "@polkadot/wasm-util" "7.3.2"
    tslib "^2.6.2"

"@polkadot/wasm-crypto-asmjs@7.3.2":
  version "7.3.2"
  resolved "https://registry.yarnpkg.com/@polkadot/wasm-crypto-asmjs/-/wasm-crypto-asmjs-7.3.2.tgz#c6d41bc4b48b5359d57a24ca3066d239f2d70a34"
  integrity sha512-QP5eiUqUFur/2UoF2KKKYJcesc71fXhQFLT3D4ZjG28Mfk2ZPI0QNRUfpcxVQmIUpV5USHg4geCBNuCYsMm20Q==
  dependencies:
    tslib "^2.6.2"

"@polkadot/wasm-crypto-init@7.3.2":
  version "7.3.2"
  resolved "https://registry.yarnpkg.com/@polkadot/wasm-crypto-init/-/wasm-crypto-init-7.3.2.tgz#7e1fe79ba978fb0a4a0f74a92d976299d38bc4b8"
  integrity sha512-FPq73zGmvZtnuJaFV44brze3Lkrki3b4PebxCy9Fplw8nTmisKo9Xxtfew08r0njyYh+uiJRAxPCXadkC9sc8g==
  dependencies:
    "@polkadot/wasm-bridge" "7.3.2"
    "@polkadot/wasm-crypto-asmjs" "7.3.2"
    "@polkadot/wasm-crypto-wasm" "7.3.2"
    "@polkadot/wasm-util" "7.3.2"
    tslib "^2.6.2"

"@polkadot/wasm-crypto-wasm@7.3.2":
  version "7.3.2"
  resolved "https://registry.yarnpkg.com/@polkadot/wasm-crypto-wasm/-/wasm-crypto-wasm-7.3.2.tgz#44e08ed5cf6499ce4a3aa7247071a5d01f6a74f4"
  integrity sha512-15wd0EMv9IXs5Abp1ZKpKKAVyZPhATIAHfKsyoWCEFDLSOA0/K0QGOxzrAlsrdUkiKZOq7uzSIgIDgW8okx2Mw==
  dependencies:
    "@polkadot/wasm-util" "7.3.2"
    tslib "^2.6.2"

"@polkadot/wasm-crypto@^7.3.1":
  version "7.3.2"
  resolved "https://registry.yarnpkg.com/@polkadot/wasm-crypto/-/wasm-crypto-7.3.2.tgz#61bbcd9e591500705c8c591e6aff7654bdc8afc9"
  integrity sha512-+neIDLSJ6jjVXsjyZ5oLSv16oIpwp+PxFqTUaZdZDoA2EyFRQB8pP7+qLsMNk+WJuhuJ4qXil/7XiOnZYZ+wxw==
  dependencies:
    "@polkadot/wasm-bridge" "7.3.2"
    "@polkadot/wasm-crypto-asmjs" "7.3.2"
    "@polkadot/wasm-crypto-init" "7.3.2"
    "@polkadot/wasm-crypto-wasm" "7.3.2"
    "@polkadot/wasm-util" "7.3.2"
    tslib "^2.6.2"

"@polkadot/wasm-util@7.3.2", "@polkadot/wasm-util@^7.3.1":
  version "7.3.2"
  resolved "https://registry.yarnpkg.com/@polkadot/wasm-util/-/wasm-util-7.3.2.tgz#4fe6370d2b029679b41a5c02cd7ebf42f9b28de1"
  integrity sha512-bmD+Dxo1lTZyZNxbyPE380wd82QsX+43mgCm40boyKrRppXEyQmWT98v/Poc7chLuskYb6X8IQ6lvvK2bGR4Tg==
  dependencies:
    tslib "^2.6.2"

"@polkadot/x-bigint@12.6.1", "@polkadot/x-bigint@^12.6.1":
  version "12.6.1"
  resolved "https://registry.yarnpkg.com/@polkadot/x-bigint/-/x-bigint-12.6.1.tgz#82b6a3639e1bc1195b2858482f0421b403641b80"
  integrity sha512-YlABeVIlgYQZJ4ZpW/+akFGGxw5jMGt4g5vaP7EumlORGneJHzzWJYDmI5v2y7j1zvC9ofOle7z4tRmtN/QDew==
  dependencies:
    "@polkadot/x-global" "12.6.1"
    tslib "^2.6.2"

"@polkadot/x-fetch@^12.6.1":
  version "12.6.1"
  resolved "https://registry.yarnpkg.com/@polkadot/x-fetch/-/x-fetch-12.6.1.tgz#6cd3023177f842ef51f05324c971671cbe010eca"
  integrity sha512-iyBv0ecfCsqGSv26CPJk9vSoKtry/Fn7x549ysA4hlc9KboraMHxOHTpcNZYC/OdgvbFZl40zIXCY0SA1ai8aw==
  dependencies:
    "@polkadot/x-global" "12.6.1"
    node-fetch "^3.3.2"
    tslib "^2.6.2"

"@polkadot/x-global@12.6.1", "@polkadot/x-global@^12.6.1":
  version "12.6.1"
  resolved "https://registry.yarnpkg.com/@polkadot/x-global/-/x-global-12.6.1.tgz#1a00ae466e344539bdee57eb7b1dd4e4d5b1dc95"
  integrity sha512-w5t19HIdBPuyu7X/AiCyH2DsKqxBF0KpF4Ymolnx8PfcSIgnq9ZOmgs74McPR6FgEmeEkr9uNKujZrsfURi1ug==
  dependencies:
    tslib "^2.6.2"

"@polkadot/x-randomvalues@12.6.1":
  version "12.6.1"
  resolved "https://registry.yarnpkg.com/@polkadot/x-randomvalues/-/x-randomvalues-12.6.1.tgz#f0ad7afa5b0bac123b634ac19d6625cd301a9307"
  integrity sha512-1uVKlfYYbgIgGV5v1Dgn960cGovenWm5pmg+aTMeUGXVYiJwRD2zOpLyC1i/tP454iA74j74pmWb8Nkn0tJZUQ==
  dependencies:
    "@polkadot/x-global" "12.6.1"
    tslib "^2.6.2"

"@polkadot/x-textdecoder@12.6.1":
  version "12.6.1"
  resolved "https://registry.yarnpkg.com/@polkadot/x-textdecoder/-/x-textdecoder-12.6.1.tgz#ee6e9a0f1819204aa60e0ef5a576e8b222501123"
  integrity sha512-IasodJeV1f2Nr/VtA207+LXCQEqYcG8y9qB/EQcRsrEP58NbwwxM5Z2obV0lSjJOxRTJ4/OlhUwnLHwcbIp6+g==
  dependencies:
    "@polkadot/x-global" "12.6.1"
    tslib "^2.6.2"

"@polkadot/x-textencoder@12.6.1":
  version "12.6.1"
  resolved "https://registry.yarnpkg.com/@polkadot/x-textencoder/-/x-textencoder-12.6.1.tgz#b39d4afb50c8bc2ff6add9f20cfc2338abff90d4"
  integrity sha512-sTq/+tXqBhGe01a1rjieSHFh3y935vuRgtahVgVJZnfqh5SmLPgSN5tTPxZWzyx7gHIfotle8laTJbJarv7V1A==
  dependencies:
    "@polkadot/x-global" "12.6.1"
    tslib "^2.6.2"

"@polkadot/x-ws@^12.6.1":
  version "12.6.1"
  resolved "https://registry.yarnpkg.com/@polkadot/x-ws/-/x-ws-12.6.1.tgz#340830d4500bbb301c63a9c5b289da85a5cc898c"
  integrity sha512-fs9V+XekjJLpVLLwxnqq3llqSZu2T/b9brvld8anvzS/htDLPbi7+c5W3VGJ9Po8fS67IsU3HCt0Gu6F6mGrMA==
  dependencies:
    "@polkadot/x-global" "12.6.1"
    tslib "^2.6.2"
    ws "^8.14.2"

"@scure/base@^1.1.3":
  version "1.1.4"
  resolved "https://registry.yarnpkg.com/@scure/base/-/base-1.1.4.tgz#cb6a3552ee15595d9864a0a4e89ffcd21ebe8c39"
  integrity sha512-wznebWtt+ejH8el87yuD4i9xLSbYZXf1Pe4DY0o/zq/eg5I0VQVXVbFs6XIM0pNVCJ/uE3t5wI9kh90mdLUxtw==

"@substrate/connect-extension-protocol@^1.0.1":
  version "1.0.1"
  resolved "https://registry.yarnpkg.com/@substrate/connect-extension-protocol/-/connect-extension-protocol-1.0.1.tgz#fa5738039586c648013caa6a0c95c43265dbe77d"
  integrity sha512-161JhCC1csjH3GE5mPLEd7HbWtwNSPJBg3p1Ksz9SFlTzj/bgEwudiRN2y5i0MoLGCIJRYKyKGMxVnd29PzNjg==

"@substrate/connect@0.7.35":
  version "0.7.35"
  resolved "https://registry.yarnpkg.com/@substrate/connect/-/connect-0.7.35.tgz#853d8ff50717a8c9ee8f219d11a86e61a54b88b8"
  integrity sha512-Io8vkalbwaye+7yXfG1Nj52tOOoJln2bMlc7Q9Yy3vEWqZEVkgKmcPVzbwV0CWL3QD+KMPDA2Dnw/X7EdwgoLw==
  dependencies:
    "@substrate/connect-extension-protocol" "^1.0.1"
    smoldot "2.0.7"

"@substrate/ss58-registry@^1.44.0":
  version "1.44.0"
  resolved "https://registry.yarnpkg.com/@substrate/ss58-registry/-/ss58-registry-1.44.0.tgz#54f214e2a44f450b7bbc9252891c1879a54e0606"
  integrity sha512-7lQ/7mMCzVNSEfDS4BCqnRnKCFKpcOaPrxMeGTXHX1YQzM/m2BBHjbK2C3dJvjv7GYxMiaTq/HdWQj1xS6ss+A==

"@types/bn.js@^5.1.5":
  version "5.1.5"
  resolved "https://registry.yarnpkg.com/@types/bn.js/-/bn.js-5.1.5.tgz#2e0dacdcce2c0f16b905d20ff87aedbc6f7b4bf0"
  integrity sha512-V46N0zwKRF5Q00AZ6hWtN0T8gGmDUaUzLWQvHFo5yThtVwK/VCenFY3wXVbOvNfajEpsTfQM4IN9k/d6gUVX3A==
  dependencies:
    "@types/node" "*"

"@types/node@*":
  version "15.14.0"
  resolved "https://registry.yarnpkg.com/@types/node/-/node-15.14.0.tgz#74dbf254fb375551a9d2a71faf6b9dbc2178dc53"
  integrity sha512-um/+/ip3QZmwLfIkWZSNtQIJNVAqrJ92OkLMeuZrjZMTAJniI7fh8N8OICyDhAJ2mzgk/fmYFo72jRr5HyZ1EQ==

ansi-regex@^5.0.0, ansi-regex@^5.0.1:
  version "5.0.1"
  resolved "https://registry.yarnpkg.com/ansi-regex/-/ansi-regex-5.0.1.tgz#082cb2c89c9fe8659a311a53bd6a4dc5301db304"
  integrity sha512-quJQXlTSUGL2LH9SUXo8VwsY4soanhgo6LNSm84E1LBcE8s3O0wpdiRzyR9z/ZZJMlMWv37qOOb9pdJlMUEKFQ==

ansi-styles@^4.0.0:
  version "4.3.0"
  resolved "https://registry.yarnpkg.com/ansi-styles/-/ansi-styles-4.3.0.tgz#edd803628ae71c04c85ae7a0906edad34b648937"
  integrity sha512-zbB9rCJAT1rbjiVDb2hqKFHNYLxgtk8NURxZ3IZwD3F6NtxbXZQCnnSi1Lkx+IDohdPlFp222wVALIheZJQSEg==
  dependencies:
    color-convert "^2.0.1"

balanced-match@^1.0.0:
  version "1.0.2"
  resolved "https://registry.yarnpkg.com/balanced-match/-/balanced-match-1.0.2.tgz#e83e3a7e3f300b34cb9d87f615fa0cbf357690ee"
  integrity sha512-3oSeUO0TMV67hN1AmbXsK4yaqU7tjiHlbxRDZOpH0KW9+CeX4bRAaX0Anxt0tx2MrpRpWwQaPwIlISEJhYU5Pw==

bn.js@^5.2.1:
  version "5.2.1"
  resolved "https://registry.yarnpkg.com/bn.js/-/bn.js-5.2.1.tgz#0bc527a6a0d18d0aa8d5b0538ce4a77dccfa7b70"
  integrity sha512-eXRvHzWyYPBuB4NBy0cmYQjGitUrtqwbvlzP3G6VFnNRbsZQIxQ10PbKKHt8gZ/HW/D/747aDl+QkDqg3KQLMQ==

brace-expansion@^1.1.7:
  version "1.1.11"
  resolved "https://registry.yarnpkg.com/brace-expansion/-/brace-expansion-1.1.11.tgz#3c7fcbf529d87226f3d2f52b966ff5271eb441dd"
  integrity sha512-iCuPHDFgrHX7H2vEI/5xpz07zSHB00TpugqhmYtVmMO6518mCuRMoOYFldEBl0g187ufozdaHgWKcYFb61qGiA==
  dependencies:
    balanced-match "^1.0.0"
    concat-map "0.0.1"

cliui@^8.0.1:
  version "8.0.1"
  resolved "https://registry.yarnpkg.com/cliui/-/cliui-8.0.1.tgz#0c04b075db02cbfe60dc8e6cf2f5486b1a3608aa"
  integrity sha512-BSeNnyus75C4//NQ9gQt1/csTXyo/8Sb+afLAkzAptFuMsod9HFokGNudZpi/oQV73hnVK+sR+5PVRMd+Dr7YQ==
  dependencies:
    string-width "^4.2.0"
    strip-ansi "^6.0.1"
    wrap-ansi "^7.0.0"

color-convert@^2.0.1:
  version "2.0.1"
  resolved "https://registry.yarnpkg.com/color-convert/-/color-convert-2.0.1.tgz#72d3a68d598c9bdb3af2ad1e84f21d896abd4de3"
  integrity sha512-RRECPsj7iu/xb5oKYcsFHSppFNnsj/52OVTRKb4zP5onXwVF3zVmmToNcOfGC+CRDpfK/U584fMg38ZHCaElKQ==
  dependencies:
    color-name "~1.1.4"

color-name@~1.1.4:
  version "1.1.4"
  resolved "https://registry.yarnpkg.com/color-name/-/color-name-1.1.4.tgz#c2a09a87acbde69543de6f63fa3995c826c536a2"
  integrity sha512-dOy+3AuW3a2wNbZHIuMZpTcgjGuLU/uBL/ubcZF9OXbDo8ff4O8yVp5Bf0efS8uEoYo5q4Fx7dY9OgQGXgAsQA==

concat-map@0.0.1:
  version "0.0.1"
  resolved "https://registry.yarnpkg.com/concat-map/-/concat-map-0.0.1.tgz#d8a96bd77fd68df7793a73036a3ba0d5405d477b"
  integrity sha512-/Srv4dswyQNBfohGpz9o6Yb3Gz3SrUDqBH5rTuhGR7ahtlbYKnVxw2bCFMRljaA7EXHaXZ8wsHdodFvbkhKmqg==

data-uri-to-buffer@^4.0.0:
  version "4.0.1"
  resolved "https://registry.yarnpkg.com/data-uri-to-buffer/-/data-uri-to-buffer-4.0.1.tgz#d8feb2b2881e6a4f58c2e08acfd0e2834e26222e"
  integrity sha512-0R9ikRb668HB7QDxT1vkpuUBtqc53YyAwMwGeUFKRojY/NWKvdZ+9UYtRfGmhqNbRkTSVpMbmyhXipFFv2cb/A==

debug@^4.1.0:
  version "4.3.4"
  resolved "https://registry.yarnpkg.com/debug/-/debug-4.3.4.tgz#1319f6579357f2338d3337d2cdd4914bb5dcc865"
  integrity sha512-PRWFHuSU3eDtQJPvnNY7Jcket1j0t5OuOsFzPPzsekD52Zl8qUfFIPEiswXqIvHWGVHOgX+7G/vCNNhehwxfkQ==
  dependencies:
    ms "2.1.2"

emoji-regex@^8.0.0:
  version "8.0.0"
  resolved "https://registry.yarnpkg.com/emoji-regex/-/emoji-regex-8.0.0.tgz#e818fd69ce5ccfcb404594f842963bf53164cc37"
  integrity sha512-MSjYzcWNOA0ewAHpz0MxpYFvwg6yjy1NG3xteoqz644VCo/RPgnr1/GGt+ic3iJTzQ8Eu3TdM14SawnVUmGE6A==

escalade@^3.1.1:
  version "3.1.1"
  resolved "https://registry.yarnpkg.com/escalade/-/escalade-3.1.1.tgz#d8cfdc7000965c5a0174b4a82eaa5c0552742e40"
  integrity sha512-k0er2gUkLf8O0zKJiAhmkTnJlTvINGv7ygDNPbeIsX/TJjGJZHuh9B2UxbsaEkmlEo9MfhrSzmhIlhRlI2GXnw==

eventemitter3@^5.0.1:
  version "5.0.1"
  resolved "https://registry.yarnpkg.com/eventemitter3/-/eventemitter3-5.0.1.tgz#53f5ffd0a492ac800721bb42c66b841de96423c4"
  integrity sha512-GWkBvjiSZK87ELrYOSESUYeVIc9mvLLf/nXalMOS5dYrgZq9o5OVkbZAVM06CVxYsCwH9BDZFPlQTlPA1j4ahA==

fetch-blob@^3.1.2, fetch-blob@^3.1.4:
  version "3.2.0"
  resolved "https://registry.yarnpkg.com/fetch-blob/-/fetch-blob-3.2.0.tgz#f09b8d4bbd45adc6f0c20b7e787e793e309dcce9"
  integrity sha512-7yAQpD2UMJzLi1Dqv7qFYnPbaPx7ZfFK6PiIxQ4PfkGPyNyl2Ugx+a/umUonmKqjhM4DnfbMvdX6otXq83soQQ==
  dependencies:
    node-domexception "^1.0.0"
    web-streams-polyfill "^3.0.3"

formdata-polyfill@^4.0.10:
  version "4.0.10"
  resolved "https://registry.yarnpkg.com/formdata-polyfill/-/formdata-polyfill-4.0.10.tgz#24807c31c9d402e002ab3d8c720144ceb8848423"
  integrity sha512-buewHzMvYL29jdeQTVILecSaZKnt/RJWjoZCF5OW60Z67/GmSLBkOFM7qh1PI3zFNtJbaZL5eQu1vLfazOwj4g==
  dependencies:
    fetch-blob "^3.1.2"

fs.realpath@^1.0.0:
  version "1.0.0"
  resolved "https://registry.yarnpkg.com/fs.realpath/-/fs.realpath-1.0.0.tgz#1504ad2523158caa40db4a2787cb01411994ea4f"
  integrity sha1-FQStJSMVjKpA20onh8sBQRmU6k8=

function-bind@^1.1.1:
  version "1.1.1"
  resolved "https://registry.yarnpkg.com/function-bind/-/function-bind-1.1.1.tgz#a56899d3ea3c9bab874bb9773b7c5ede92f4895d"
  integrity sha512-yIovAzMX49sF8Yl58fSCWJ5svSLuaibPxXQJFLmBObTuCr0Mf1KiPopGM9NiFjiYBCbfaa2Fh6breQ6ANVTI0A==

get-caller-file@^2.0.5:
  version "2.0.5"
  resolved "https://registry.yarnpkg.com/get-caller-file/-/get-caller-file-2.0.5.tgz#4f94412a82db32f36e3b0b9741f8a97feb031f7e"
  integrity sha512-DyFP3BM/3YHTQOCUL/w0OZHR0lpKeGrxotcHWcqNEdnltqFwXVfhEBQ94eIo34AfQpo0rGki4cyIiftY06h2Fg==

glob@^7.0.0:
  version "7.2.0"
  resolved "https://registry.yarnpkg.com/glob/-/glob-7.2.0.tgz#d15535af7732e02e948f4c41628bd910293f6023"
  integrity sha512-lmLf6gtyrPq8tTjSmrO94wBeQbFR3HbLHbuyD69wuyQkImp2hWqMGB47OX65FBkPffO641IP9jWa1z4ivqG26Q==
  dependencies:
    fs.realpath "^1.0.0"
    inflight "^1.0.4"
    inherits "2"
    minimatch "^3.0.4"
    once "^1.3.0"
    path-is-absolute "^1.0.0"

has@^1.0.3:
  version "1.0.3"
  resolved "https://registry.yarnpkg.com/has/-/has-1.0.3.tgz#722d7cbfc1f6aa8241f16dd814e011e1f41e8796"
  integrity sha512-f2dvO0VU6Oej7RkWJGrehjbzMAjFp5/VKPp5tTpWIV4JHHZK1/BxbFRtf/siA2SWTe09caDmVtYYzWEIbBS4zw==
  dependencies:
    function-bind "^1.1.1"

inflight@^1.0.4:
  version "1.0.6"
  resolved "https://registry.yarnpkg.com/inflight/-/inflight-1.0.6.tgz#49bd6331d7d02d0c09bc910a1075ba8165b56df9"
  integrity sha1-Sb1jMdfQLQwJvJEKEHW6gWW1bfk=
  dependencies:
    once "^1.3.0"
    wrappy "1"

inherits@2:
  version "2.0.4"
  resolved "https://registry.yarnpkg.com/inherits/-/inherits-2.0.4.tgz#0fa2c64f932917c3433a0ded55363aae37416b7c"
  integrity sha512-k/vGaX4/Yla3WzyMCvTQOXYeIHvqOKtnqBduzTHpzpQZzAskKMhZ2K+EnBiSM9zGSoIFeMpXKxa4dYeZIQqewQ==

interpret@^1.0.0:
  version "1.4.0"
  resolved "https://registry.yarnpkg.com/interpret/-/interpret-1.4.0.tgz#665ab8bc4da27a774a40584e812e3e0fa45b1a1e"
  integrity sha512-agE4QfB2Lkp9uICn7BAqoscw4SZP9kTE2hxiFI3jBPmXJfdqiahTbUuKGsMoN2GtqL9AxhYioAcVvgsb1HvRbA==

is-core-module@^2.8.0:
  version "2.8.1"
  resolved "https://registry.yarnpkg.com/is-core-module/-/is-core-module-2.8.1.tgz#f59fdfca701d5879d0a6b100a40aa1560ce27211"
  integrity sha512-SdNCUs284hr40hFTFP6l0IfZ/RSrMXF3qgoRHd3/79unUTvrFO/JoXwkGm+5J/Oe3E/b5GsnG330uUNgRpu1PA==
  dependencies:
    has "^1.0.3"

is-fullwidth-code-point@^3.0.0:
  version "3.0.0"
  resolved "https://registry.yarnpkg.com/is-fullwidth-code-point/-/is-fullwidth-code-point-3.0.0.tgz#f116f8064fe90b3f7844a38997c0b75051269f1d"
  integrity sha512-zymm5+u+sCsSWyD9qNaejV3DFvhCKclKdizYaJUuHA83RLjb7nSuGnddCHGv0hk+KY7BMAlsWeK4Ueg6EV6XQg==

json-stringify-safe@^5.0.1:
  version "5.0.1"
  resolved "https://registry.yarnpkg.com/json-stringify-safe/-/json-stringify-safe-5.0.1.tgz#1296a2d58fd45f19a0f6ce01d65701e2c735b6eb"
  integrity sha512-ZClg6AaYvamvYEE82d3Iyd3vSSIjQ+odgjaTzRuO3s7toCdFKczob2i0zCh7JE8kWn17yvAWhUVxvqGwUalsRA==

lodash@^4.17.21:
  version "4.17.21"
  resolved "https://registry.yarnpkg.com/lodash/-/lodash-4.17.21.tgz#679591c564c3bffaae8454cf0b3df370c3d6911c"
  integrity sha512-v2kDEe57lecTulaDIuNTPy3Ry4gLGJ6Z1O3vE1krgXZNrsQ+LFTGHVxVjcXPs17LhbZVGedAJv8XZ1tvj5FvSg==

minimatch@^3.0.4:
  version "3.1.2"
  resolved "https://registry.yarnpkg.com/minimatch/-/minimatch-3.1.2.tgz#19cd194bfd3e428f049a70817c038d89ab4be35b"
  integrity sha512-J7p63hRiAjw1NDEww1W7i37+ByIrOWO5XQQAzZ3VOcL0PNybwpfmV/N05zFAzwQ9USyEcX6t3UO+K5aqBQOIHw==
  dependencies:
    brace-expansion "^1.1.7"

mock-socket@^9.3.1:
  version "9.3.1"
  resolved "https://registry.yarnpkg.com/mock-socket/-/mock-socket-9.3.1.tgz#24fb00c2f573c84812aa4a24181bb025de80cc8e"
  integrity sha512-qxBgB7Qa2sEQgHFjj0dSigq7fX4k6Saisd5Nelwp2q8mlbAFh5dHV9JTTlF8viYJLSSWgMCZFUom8PJcMNBoJw==

ms@2.1.2:
  version "2.1.2"
  resolved "https://registry.yarnpkg.com/ms/-/ms-2.1.2.tgz#d09d1f357b443f493382a8eb3ccd183872ae6009"
  integrity sha512-sGkPx+VjMtmA6MX27oA4FBFELFCZZ4S4XqeGOXCv68tT+jb3vk/RyaKWP0PTKyWtmLSM0b+adUTEvbs1PEaH2w==

nock@^13.3.8:
  version "13.4.0"
  resolved "https://registry.yarnpkg.com/nock/-/nock-13.4.0.tgz#60aa3f7a4afa9c12052e74d8fb7550f682ef0115"
  integrity sha512-W8NVHjO/LCTNA64yxAPHV/K47LpGYcVzgKd3Q0n6owhwvD0Dgoterc25R4rnZbckJEb6Loxz1f5QMuJpJnbSyQ==
  dependencies:
    debug "^4.1.0"
    json-stringify-safe "^5.0.1"
    propagate "^2.0.0"

node-domexception@^1.0.0:
  version "1.0.0"
  resolved "https://registry.yarnpkg.com/node-domexception/-/node-domexception-1.0.0.tgz#6888db46a1f71c0b76b3f7555016b63fe64766e5"
  integrity sha512-/jKZoMpw0F8GRwl4/eLROPA3cfcXtLApP0QzLmUT/HuPCZWyB7IY9ZrMeKw2O/nFIqPQB3PVM9aYm0F312AXDQ==

node-fetch@^3.3.2:
  version "3.3.2"
  resolved "https://registry.yarnpkg.com/node-fetch/-/node-fetch-3.3.2.tgz#d1e889bacdf733b4ff3b2b243eb7a12866a0b78b"
  integrity sha512-dRB78srN/l6gqWulah9SrxeYnxeddIG30+GOqK/9OlLVyLg3HPnr6SqOWTWOXKRwC2eGYCkZ59NNuSgvSrpgOA==
  dependencies:
    data-uri-to-buffer "^4.0.0"
    fetch-blob "^3.1.4"
    formdata-polyfill "^4.0.10"

once@^1.3.0:
  version "1.4.0"
  resolved "https://registry.yarnpkg.com/once/-/once-1.4.0.tgz#583b1aa775961d4b113ac17d9c50baef9dd76bd1"
  integrity sha1-WDsap3WWHUsROsF9nFC6753Xa9E=
  dependencies:
    wrappy "1"

path-is-absolute@^1.0.0:
  version "1.0.1"
  resolved "https://registry.yarnpkg.com/path-is-absolute/-/path-is-absolute-1.0.1.tgz#174b9268735534ffbc7ace6bf53a5a9e1b5c5f5f"
  integrity sha1-F0uSaHNVNP+8es5r9TpanhtcX18=

path-parse@^1.0.7:
  version "1.0.7"
  resolved "https://registry.yarnpkg.com/path-parse/-/path-parse-1.0.7.tgz#fbc114b60ca42b30d9daf5858e4bd68bbedb6735"
  integrity sha512-LDJzPVEEEPR+y48z93A0Ed0yXb8pAByGWo/k5YYdYgpY2/2EsOsksJrq7lOHxryrVOn1ejG6oAp8ahvOIQD8sw==

propagate@^2.0.0:
  version "2.0.1"
  resolved "https://registry.yarnpkg.com/propagate/-/propagate-2.0.1.tgz#40cdedab18085c792334e64f0ac17256d38f9a45"
  integrity sha512-vGrhOavPSTz4QVNuBNdcNXePNdNMaO1xj9yBeH1ScQPjk/rhg9sSlCXPhMkFuaNNW/syTvYqsnbIJxMBfRbbag==

readline-sync@^1.4.10:
  version "1.4.10"
  resolved "https://registry.yarnpkg.com/readline-sync/-/readline-sync-1.4.10.tgz#41df7fbb4b6312d673011594145705bf56d8873b"
  integrity sha512-gNva8/6UAe8QYepIQH/jQ2qn91Qj0B9sYjMBBs3QOB8F2CXcKgLxQaJRP76sWVRQt+QU+8fAkCbCvjjMFu7Ycw==

rechoir@^0.6.2:
  version "0.6.2"
  resolved "https://registry.yarnpkg.com/rechoir/-/rechoir-0.6.2.tgz#85204b54dba82d5742e28c96756ef43af50e3384"
  integrity sha1-hSBLVNuoLVdC4oyWdW70OvUOM4Q=
  dependencies:
    resolve "^1.1.6"

require-directory@^2.1.1:
  version "2.1.1"
  resolved "https://registry.yarnpkg.com/require-directory/-/require-directory-2.1.1.tgz#8c64ad5fd30dab1c976e2344ffe7f792a6a6df42"
  integrity sha1-jGStX9MNqxyXbiNE/+f3kqam30I=

resolve@^1.1.6:
  version "1.21.0"
  resolved "https://registry.yarnpkg.com/resolve/-/resolve-1.21.0.tgz#b51adc97f3472e6a5cf4444d34bc9d6b9037591f"
  integrity sha512-3wCbTpk5WJlyE4mSOtDLhqQmGFi0/TD9VPwmiolnk8U0wRgMEktqCXd3vy5buTO3tljvalNvKrjHEfrd2WpEKA==
  dependencies:
    is-core-module "^2.8.0"
    path-parse "^1.0.7"
    supports-preserve-symlinks-flag "^1.0.0"

rxjs@^7.8.1:
  version "7.8.1"
  resolved "https://registry.yarnpkg.com/rxjs/-/rxjs-7.8.1.tgz#6f6f3d99ea8044291efd92e7c7fcf562c4057543"
  integrity sha512-AA3TVj+0A2iuIoQkWEK/tqFjBq2j+6PO6Y0zJcvzLAFhEFIO3HL0vls9hWLncZbAAbK0mar7oZ4V079I/qPMxg==
  dependencies:
    tslib "^2.1.0"

shelljs@^0.8.5:
  version "0.8.5"
  resolved "https://registry.yarnpkg.com/shelljs/-/shelljs-0.8.5.tgz#de055408d8361bed66c669d2f000538ced8ee20c"
  integrity sha512-TiwcRcrkhHvbrZbnRcFYMLl30Dfov3HKqzp5tO5b4pt6G/SezKcYhmDg15zXVBswHmctSAQKznqNW2LO5tTDow==
  dependencies:
    glob "^7.0.0"
    interpret "^1.0.0"
    rechoir "^0.6.2"

smoldot@2.0.7:
  version "2.0.7"
  resolved "https://registry.yarnpkg.com/smoldot/-/smoldot-2.0.7.tgz#407efd6bbb82a074612db4d056d631d8d615f442"
  integrity sha512-VAOBqEen6vises36/zgrmAT1GWk2qE3X8AGnO7lmQFdskbKx8EovnwS22rtPAG+Y1Rk23/S22kDJUdPANyPkBA==
  dependencies:
    ws "^8.8.1"

string-width@^4.1.0, string-width@^4.2.0:
  version "4.2.2"
  resolved "https://registry.yarnpkg.com/string-width/-/string-width-4.2.2.tgz#dafd4f9559a7585cfba529c6a0a4f73488ebd4c5"
  integrity sha512-XBJbT3N4JhVumXE0eoLU9DCjcaF92KLNqTmFCnG1pf8duUxFGwtP6AD6nkjw9a3IdiRtL3E2w3JDiE/xi3vOeA==
  dependencies:
    emoji-regex "^8.0.0"
    is-fullwidth-code-point "^3.0.0"
    strip-ansi "^6.0.0"

string-width@^4.2.3:
  version "4.2.3"
  resolved "https://registry.yarnpkg.com/string-width/-/string-width-4.2.3.tgz#269c7117d27b05ad2e536830a8ec895ef9c6d010"
  integrity sha512-wKyQRQpjJ0sIp62ErSZdGsjMJWsap5oRNihHhu6G7JVO/9jIB6UyevL+tXuOqrng8j/cxKTWyWUwvSTriiZz/g==
  dependencies:
    emoji-regex "^8.0.0"
    is-fullwidth-code-point "^3.0.0"
    strip-ansi "^6.0.1"

strip-ansi@^6.0.0:
  version "6.0.0"
  resolved "https://registry.yarnpkg.com/strip-ansi/-/strip-ansi-6.0.0.tgz#0b1571dd7669ccd4f3e06e14ef1eed26225ae532"
  integrity sha512-AuvKTrTfQNYNIctbR1K/YGTR1756GycPsg7b9bdV9Duqur4gv6aKqHXah67Z8ImS7WEz5QVcOtlfW2rZEugt6w==
  dependencies:
    ansi-regex "^5.0.0"

strip-ansi@^6.0.1:
  version "6.0.1"
  resolved "https://registry.yarnpkg.com/strip-ansi/-/strip-ansi-6.0.1.tgz#9e26c63d30f53443e9489495b2105d37b67a85d9"
  integrity sha512-Y38VPSHcqkFrCpFnQ9vuSXmquuv5oXOKpGeT6aGrr3o3Gc9AlVa6JBfUSOCnbxGGZF+/0ooI7KrPuUSztUdU5A==
  dependencies:
    ansi-regex "^5.0.1"

supports-preserve-symlinks-flag@^1.0.0:
  version "1.0.0"
  resolved "https://registry.yarnpkg.com/supports-preserve-symlinks-flag/-/supports-preserve-symlinks-flag-1.0.0.tgz#6eda4bd344a3c94aea376d4cc31bc77311039e09"
  integrity sha512-ot0WnXS9fgdkgIcePe6RHNk1WA8+muPa6cSjeR3V8K27q9BB1rTE3R1p7Hv0z1ZyAc8s6Vvv8DIyWf681MAt0w==

tslib@^2.1.0:
  version "2.4.0"
  resolved "https://registry.yarnpkg.com/tslib/-/tslib-2.4.0.tgz#7cecaa7f073ce680a05847aa77be941098f36dc3"
  integrity sha512-d6xOpEDfsi2CZVlPQzGeux8XMwLT9hssAsaPYExaQMuYskwb+x1x7J371tWlbBdWHroy99KnVB6qIkUbs5X3UQ==

tslib@^2.6.2:
  version "2.6.2"
  resolved "https://registry.yarnpkg.com/tslib/-/tslib-2.6.2.tgz#703ac29425e7b37cd6fd456e92404d46d1f3e4ae"
  integrity sha512-AEYxH93jGFPn/a2iVAwW87VuUIkR1FVUKB77NwMF7nBTDkDrrT/Hpt/IrCJ0QXhW27jTBDcf5ZY7w6RiqTMw2Q==

web-streams-polyfill@^3.0.3:
  version "3.2.1"
  resolved "https://registry.yarnpkg.com/web-streams-polyfill/-/web-streams-polyfill-3.2.1.tgz#71c2718c52b45fd49dbeee88634b3a60ceab42a6"
  integrity sha512-e0MO3wdXWKrLbL0DgGnUV7WHVuw9OUvL4hjgnPkIeEvESk74gAITi5G606JtZPp39cd8HA9VQzCIvA49LpPN5Q==

wrap-ansi@^7.0.0:
  version "7.0.0"
  resolved "https://registry.yarnpkg.com/wrap-ansi/-/wrap-ansi-7.0.0.tgz#67e145cff510a6a6984bdf1152911d69d2eb9e43"
  integrity sha512-YVGIj2kamLSTxw6NsZjoBxfSwsn0ycdesmc4p+Q21c5zPuZ1pl+NfxVdxPtdHvmNVOQ6XSYG4AUtyt/Fi7D16Q==
  dependencies:
    ansi-styles "^4.0.0"
    string-width "^4.1.0"
    strip-ansi "^6.0.0"

wrappy@1:
  version "1.0.2"
  resolved "https://registry.yarnpkg.com/wrappy/-/wrappy-1.0.2.tgz#b5243d8f3ec1aa35f1364605bc0d1036e30ab69f"
  integrity sha1-tSQ9jz7BqjXxNkYFvA0QNuMKtp8=

ws@^8.14.2, ws@^8.8.1:
  version "8.17.1"
  resolved "https://registry.yarnpkg.com/ws/-/ws-8.17.1.tgz#9293da530bb548febc95371d90f9c878727d919b"
  integrity sha512-6XQFvXTkbfUOZOKKILFG1PDK2NDQs4azKQl26T0YS5CxqWLgXajbPZ+h4gZekJyRqFU8pvnbAbbs/3TgRPy+GQ==

y18n@^5.0.5:
  version "5.0.8"
  resolved "https://registry.yarnpkg.com/y18n/-/y18n-5.0.8.tgz#7f4934d0f7ca8c56f95314939ddcd2dd91ce1d55"
  integrity sha512-0pfFzegeDWJHJIAmTLRP2DwHjdF5s7jo9tuztdQxAhINCdvS+3nGINqPd00AphqJR/0LhANUS6/+7SCb98YOfA==

yaml@^2.3.2:
  version "2.3.4"
  resolved "https://registry.yarnpkg.com/yaml/-/yaml-2.3.4.tgz#53fc1d514be80aabf386dc6001eb29bf3b7523b2"
  integrity sha512-8aAvwVUSHpfEqTQ4w/KMlf3HcRdt50E5ODIQJBw1fQ5RL34xabzxtUlzTXVqc4rkZsPbvrXKWnABCD7kWSmocA==

yargs-parser@^21.1.1:
  version "21.1.1"
  resolved "https://registry.yarnpkg.com/yargs-parser/-/yargs-parser-21.1.1.tgz#9096bceebf990d21bb31fa9516e0ede294a77d35"
  integrity sha512-tVpsJW7DdjecAiFpbIB1e3qxIQsE6NoPc5/eTdrbbIC4h0LVsWhnoa3g+m2HclBIujHzsxZ4VJVA+GUuc2/LBw==

yargs@^17.7.2:
  version "17.7.2"
  resolved "https://registry.yarnpkg.com/yargs/-/yargs-17.7.2.tgz#991df39aca675a192b816e1e0363f9d75d2aa269"
  integrity sha512-7dSzzRQ++CKnNI/krKnYRV7JKKPUXMEh61soaHKg9mrWEhzFWhFnxPxGl+69cD1Ou63C13NUPCnmIcrvqCuM6w==
  dependencies:
    cliui "^8.0.1"
    escalade "^3.1.1"
    get-caller-file "^2.0.5"
    require-directory "^2.1.1"
    string-width "^4.2.3"
    y18n "^5.0.5"
    yargs-parser "^21.1.1"
